
Microsoft Visual Studio Solution File, Format Version 12.00
# Visual Studio Version 16
VisualStudioVersion = 16.0.30611.23
MinimumVisualStudioVersion = 10.0.40219.1
Project("{FAE04EC0-301F-11D3-BF4B-00C04F79EFBC}") = "dropdownlist todatabse", "dropdownlist todatabse.csproj", "{7F2CA886-303A-4CB8-956C-4F8CDDFF3DC2}"
EndProject
Global
	GlobalSection(SolutionConfigurationPlatforms) = preSolution
		Debug|Any CPU = Debug|Any CPU
		Release|Any CPU = Release|Any CPU
	EndGlobalSection
	GlobalSection(ProjectConfigurationPlatforms) = postSolution
		{7F2CA886-303A-4CB8-956C-4F8CDDFF3DC2}.Debug|Any CPU.ActiveCfg = Debug|Any CPU
		{7F2CA886-303A-4CB8-956C-4F8CDDFF3DC2}.Debug|Any CPU.Build.0 = Debug|Any CPU
		{7F2CA886-303A-4CB8-956C-4F8CDDFF3DC2}.Release|Any CPU.ActiveCfg = Release|Any CPU
		{7F2CA886-303A-4CB8-956C-4F8CDDFF3DC2}.Release|Any CPU.Build.0 = Release|Any CPU
	EndGlobalSection
	GlobalSection(SolutionProperties) = preSolution
		HideSolutionNode = FALSE
	EndGlobalSection
	GlobalSection(ExtensibilityGlobals) = postSolution
		SolutionGuid = {79C0C802-1CEE-439F-B231-1CD20D114693}
	EndGlobalSection
EndGlobal
